<Solution>
  <Project Path="UltimateEditorEnhancer-Editor.csproj" />
  <Project Path="Assembly-CSharp-firstpass.csproj" />
  <Project Path="UltimateEditorEnhancer.csproj" />
  <Project Path="Game.Lighting.Tests.csproj" />
  <Project Path="Assembly-CSharp.csproj" />
  <Project Path="com.ccadori.vectorforestscenerydemo.Runtime.csproj" />
  <Project Path="Game.Lighting.csproj" />
  <Project Path="com.ccadori.vectorforestscenery.Runtime.csproj" />
  <Project Path="Game.Lighting.Demo.csproj" />
  <Project Path="Game.Lighting.Editor.csproj" />
</Solution>
