<Solution>
  <Project Path="UltimateEditorEnhancer-Editor.csproj" />
  <Project Path="Game.DayNight.csproj" />
  <Project Path="Assembly-CSharp-firstpass.csproj" />
  <Project Path="UltimateEditorEnhancer.csproj" />
  <Project Path="Game.Lighting.csproj" />
  <Project Path="Game.Building.csproj" />
  <Project Path="Game.Lighting.Tests.csproj" />
  <Project Path="Assembly-CSharp.csproj" />
  <Project Path="Game.Combat.Tests.csproj" />
  <Project Path="com.ccadori.vectorforestscenerydemo.Runtime.csproj" />
  <Project Path="Game.Combat.csproj" />
  <Project Path="Game.BaseSystem.Tests.csproj" />
  <Project Path="com.ccadori.vectorforestscenery.Runtime.csproj" />
  <Project Path="Game.Building.Tests.csproj" />
  <Project Path="Game.DayNight.Tests.csproj" />
  <Project Path="Game.BaseSystem.csproj" />
  <Project Path="Game.Lighting.Demo.csproj" />
  <Project Path="Game.Lighting.Editor.csproj" />
</Solution>
